// !$*UTF8*$!
{
	archiveVersion = 1;
	classes = {
	};
	objectVersion = 55;
	objects = {

/* Begin PBXBuildFile section */
		7028A4F228801049009BFF42 /* SwiftyJSON in Frameworks */ = {isa = PBXBuildFile; productRef = 7028A4F128801049009BFF42 /* SwiftyJSON */; };
		70C654EA287E921900EAF09E /* AppDelegate.swift in Sources */ = {isa = PBXBuildFile; fileRef = 70C654E9287E921900EAF09E /* AppDelegate.swift */; };
		70C654EC287E921900EAF09E /* SceneDelegate.swift in Sources */ = {isa = PBXBuildFile; fileRef = 70C654EB287E921900EAF09E /* SceneDelegate.swift */; };
		70C654EE287E921900EAF09E /* StoreView.swift in Sources */ = {isa = PBXBuildFile; fileRef = 70C654ED287E921900EAF09E /* StoreView.swift */; };
		70C654F1287E921900EAF09E /* Main.storyboard in Resources */ = {isa = PBXBuildFile; fileRef = 70C654EF287E921900EAF09E /* Main.storyboard */; };
		70C654F3287E921C00EAF09E /* Assets.xcassets in Resources */ = {isa = PBXBuildFile; fileRef = 70C654F2287E921C00EAF09E /* Assets.xcassets */; };
		70C654F6287E921C00EAF09E /* LaunchScreen.storyboard in Resources */ = {isa = PBXBuildFile; fileRef = 70C654F4287E921C00EAF09E /* LaunchScreen.storyboard */; };
		70C65501287E921C00EAF09E /* Fake_StoreTests.swift in Sources */ = {isa = PBXBuildFile; fileRef = 70C65500287E921C00EAF09E /* Fake_StoreTests.swift */; };
		70C6550B287E921C00EAF09E /* Fake_StoreUITests.swift in Sources */ = {isa = PBXBuildFile; fileRef = 70C6550A287E921C00EAF09E /* Fake_StoreUITests.swift */; };
		70C6550D287E921C00EAF09E /* Fake_StoreUITestsLaunchTests.swift in Sources */ = {isa = PBXBuildFile; fileRef = 70C6550C287E921C00EAF09E /* Fake_StoreUITestsLaunchTests.swift */; };
		70C6551C287E92E000EAF09E /* StorePresenter.swift in Sources */ = {isa = PBXBuildFile; fileRef = 70C6551B287E92E000EAF09E /* StorePresenter.swift */; };
		70C6551E287E92E600EAF09E /* StoreInteractor.swift in Sources */ = {isa = PBXBuildFile; fileRef = 70C6551D287E92E600EAF09E /* StoreInteractor.swift */; };
		70C65520287E92F100EAF09E /* StoreEntity.swift in Sources */ = {isa = PBXBuildFile; fileRef = 70C6551F287E92F100EAF09E /* StoreEntity.swift */; };
		70C65522287E92F600EAF09E /* StoreRouter.swift in Sources */ = {isa = PBXBuildFile; fileRef = 70C65521287E92F600EAF09E /* StoreRouter.swift */; };
		70C65524287E9C0300EAF09E /* ProductCollectionViewCell.swift in Sources */ = {isa = PBXBuildFile; fileRef = 70C65523287E9C0300EAF09E /* ProductCollectionViewCell.swift */; };
		70C65526287EAF9C00EAF09E /* Extension.swift in Sources */ = {isa = PBXBuildFile; fileRef = 70C65525287EAF9C00EAF09E /* Extension.swift */; };
/* End PBXBuildFile section */

/* Begin PBXContainerItemProxy section */
		70C654FD287E921C00EAF09E /* PBXContainerItemProxy */ = {
			isa = PBXContainerItemProxy;
			containerPortal = 70C654DE287E921900EAF09E /* Project object */;
			proxyType = 1;
			remoteGlobalIDString = 70C654E5287E921900EAF09E;
			remoteInfo = "Fake Store";
		};
		70C65507287E921C00EAF09E /* PBXContainerItemProxy */ = {
			isa = PBXContainerItemProxy;
			containerPortal = 70C654DE287E921900EAF09E /* Project object */;
			proxyType = 1;
			remoteGlobalIDString = 70C654E5287E921900EAF09E;
			remoteInfo = "Fake Store";
		};
/* End PBXContainerItemProxy section */

/* Begin PBXFileReference section */
		70C654E6287E921900EAF09E /* Fake Store.app */ = {isa = PBXFileReference; explicitFileType = wrapper.application; includeInIndex = 0; path = "Fake Store.app"; sourceTree = BUILT_PRODUCTS_DIR; };
		70C654E9287E921900EAF09E /* AppDelegate.swift */ = {isa = PBXFileReference; lastKnownFileType = sourcecode.swift; path = AppDelegate.swift; sourceTree = "<group>"; };
		70C654EB287E921900EAF09E /* SceneDelegate.swift */ = {isa = PBXFileReference; lastKnownFileType = sourcecode.swift; path = SceneDelegate.swift; sourceTree = "<group>"; };
		70C654ED287E921900EAF09E /* StoreView.swift */ = {isa = PBXFileReference; lastKnownFileType = sourcecode.swift; path = StoreView.swift; sourceTree = "<group>"; };
		70C654F0287E921900EAF09E /* Base */ = {isa = PBXFileReference; lastKnownFileType = file.storyboard; name = Base; path = Base.lproj/Main.storyboard; sourceTree = "<group>"; };
		70C654F2287E921C00EAF09E /* Assets.xcassets */ = {isa = PBXFileReference; lastKnownFileType = folder.assetcatalog; path = Assets.xcassets; sourceTree = "<group>"; };
		70C654F5287E921C00EAF09E /* Base */ = {isa = PBXFileReference; lastKnownFileType = file.storyboard; name = Base; path = Base.lproj/LaunchScreen.storyboard; sourceTree = "<group>"; };
		70C654F7287E921C00EAF09E /* Info.plist */ = {isa = PBXFileReference; lastKnownFileType = text.plist.xml; path = Info.plist; sourceTree = "<group>"; };
		70C654FC287E921C00EAF09E /* Fake StoreTests.xctest */ = {isa = PBXFileReference; explicitFileType = wrapper.cfbundle; includeInIndex = 0; path = "Fake StoreTests.xctest"; sourceTree = BUILT_PRODUCTS_DIR; };
		70C65500287E921C00EAF09E /* Fake_StoreTests.swift */ = {isa = PBXFileReference; lastKnownFileType = sourcecode.swift; path = Fake_StoreTests.swift; sourceTree = "<group>"; };
		70C65506287E921C00EAF09E /* Fake StoreUITests.xctest */ = {isa = PBXFileReference; explicitFileType = wrapper.cfbundle; includeInIndex = 0; path = "Fake StoreUITests.xctest"; sourceTree = BUILT_PRODUCTS_DIR; };
		70C6550A287E921C00EAF09E /* Fake_StoreUITests.swift */ = {isa = PBXFileReference; lastKnownFileType = sourcecode.swift; path = Fake_StoreUITests.swift; sourceTree = "<group>"; };
		70C6550C287E921C00EAF09E /* Fake_StoreUITestsLaunchTests.swift */ = {isa = PBXFileReference; lastKnownFileType = sourcecode.swift; path = Fake_StoreUITestsLaunchTests.swift; sourceTree = "<group>"; };
		70C6551B287E92E000EAF09E /* StorePresenter.swift */ = {isa = PBXFileReference; lastKnownFileType = sourcecode.swift; path = StorePresenter.swift; sourceTree = "<group>"; };
		70C6551D287E92E600EAF09E /* StoreInteractor.swift */ = {isa = PBXFileReference; lastKnownFileType = sourcecode.swift; path = StoreInteractor.swift; sourceTree = "<group>"; };
		70C6551F287E92F100EAF09E /* StoreEntity.swift */ = {isa = PBXFileReference; lastKnownFileType = sourcecode.swift; path = StoreEntity.swift; sourceTree = "<group>"; };
		70C65521287E92F600EAF09E /* StoreRouter.swift */ = {isa = PBXFileReference; lastKnownFileType = sourcecode.swift; path = StoreRouter.swift; sourceTree = "<group>"; };
		70C65523287E9C0300EAF09E /* ProductCollectionViewCell.swift */ = {isa = PBXFileReference; lastKnownFileType = sourcecode.swift; path = ProductCollectionViewCell.swift; sourceTree = "<group>"; };
		70C65525287EAF9C00EAF09E /* Extension.swift */ = {isa = PBXFileReference; lastKnownFileType = sourcecode.swift; path = Extension.swift; sourceTree = "<group>"; };
/* End PBXFileReference section */

/* Begin PBXFrameworksBuildPhase section */
		70C654E3287E921900EAF09E /* Frameworks */ = {
			isa = PBXFrameworksBuildPhase;
			buildActionMask = 2147483647;
			files = (
				7028A4F228801049009BFF42 /* SwiftyJSON in Frameworks */,
			);
			runOnlyForDeploymentPostprocessing = 0;
		};
		70C654F9287E921C00EAF09E /* Frameworks */ = {
			isa = PBXFrameworksBuildPhase;
			buildActionMask = 2147483647;
			files = (
			);
			runOnlyForDeploymentPostprocessing = 0;
		};
		70C65503287E921C00EAF09E /* Frameworks */ = {
			isa = PBXFrameworksBuildPhase;
			buildActionMask = 2147483647;
			files = (
			);
			runOnlyForDeploymentPostprocessing = 0;
		};
/* End PBXFrameworksBuildPhase section */

/* Begin PBXGroup section */
		70209C05288125410071C695 /* Assets & Storyboard */ = {
			isa = PBXGroup;
			children = (
				70C654EF287E921900EAF09E /* Main.storyboard */,
				70C654F2287E921C00EAF09E /* Assets.xcassets */,
				70C654F4287E921C00EAF09E /* LaunchScreen.storyboard */,
			);
			path = "Assets & Storyboard";
			sourceTree = "<group>";
		};
		70C654DD287E921900EAF09E = {
			isa = PBXGroup;
			children = (
				70C654E8287E921900EAF09E /* Fake Store */,
				70C654FF287E921C00EAF09E /* Fake StoreTests */,
				70C65509287E921C00EAF09E /* Fake StoreUITests */,
				70C654E7287E921900EAF09E /* Products */,
			);
			sourceTree = "<group>";
		};
		70C654E7287E921900EAF09E /* Products */ = {
			isa = PBXGroup;
			children = (
				70C654E6287E921900EAF09E /* Fake Store.app */,
				70C654FC287E921C00EAF09E /* Fake StoreTests.xctest */,
				70C65506287E921C00EAF09E /* Fake StoreUITests.xctest */,
			);
			name = Products;
			sourceTree = "<group>";
		};
		70C654E8287E921900EAF09E /* Fake Store */ = {
			isa = PBXGroup;
			children = (
				70C65519287E922C00EAF09E /* Essential */,
				70C6551A287E92CC00EAF09E /* Main */,
				70C65525287EAF9C00EAF09E /* Extension.swift */,
				70209C05288125410071C695 /* Assets & Storyboard */,
				70C654F7287E921C00EAF09E /* Info.plist */,
			);
			path = "Fake Store";
			sourceTree = "<group>";
		};
		70C654FF287E921C00EAF09E /* Fake StoreTests */ = {
			isa = PBXGroup;
			children = (
				70C65500287E921C00EAF09E /* Fake_StoreTests.swift */,
			);
			path = "Fake StoreTests";
			sourceTree = "<group>";
		};
		70C65509287E921C00EAF09E /* Fake StoreUITests */ = {
			isa = PBXGroup;
			children = (
				70C6550A287E921C00EAF09E /* Fake_StoreUITests.swift */,
				70C6550C287E921C00EAF09E /* Fake_StoreUITestsLaunchTests.swift */,
			);
			path = "Fake StoreUITests";
			sourceTree = "<group>";
		};
		70C65519287E922C00EAF09E /* Essential */ = {
			isa = PBXGroup;
			children = (
				70C654E9287E921900EAF09E /* AppDelegate.swift */,
				70C654EB287E921900EAF09E /* SceneDelegate.swift */,
			);
			path = Essential;
			sourceTree = "<group>";
		};
		70C6551A287E92CC00EAF09E /* Main */ = {
			isa = PBXGroup;
			children = (
				70C654ED287E921900EAF09E /* StoreView.swift */,
				70C65523287E9C0300EAF09E /* ProductCollectionViewCell.swift */,
				70C6551B287E92E000EAF09E /* StorePresenter.swift */,
				70C6551D287E92E600EAF09E /* StoreInteractor.swift */,
				70C6551F287E92F100EAF09E /* StoreEntity.swift */,
				70C65521287E92F600EAF09E /* StoreRouter.swift */,
			);
			path = Main;
			sourceTree = "<group>";
		};
/* End PBXGroup section */

/* Begin PBXNativeTarget section */
		70C654E5287E921900EAF09E /* Fake Store */ = {
			isa = PBXNativeTarget;
			buildConfigurationList = 70C65510287E921C00EAF09E /* Build configuration list for PBXNativeTarget "Fake Store" */;
			buildPhases = (
				70C654E2287E921900EAF09E /* Sources */,
				70C654E3287E921900EAF09E /* Frameworks */,
				70C654E4287E921900EAF09E /* Resources */,
			);
			buildRules = (
			);
			dependencies = (
			);
			name = "Fake Store";
			packageProductDependencies = (
				7028A4F128801049009BFF42 /* SwiftyJSON */,
			);
			productName = "Fake Store";
			productReference = 70C654E6287E921900EAF09E /* Fake Store.app */;
			productType = "com.apple.product-type.application";
		};
		70C654FB287E921C00EAF09E /* Fake StoreTests */ = {
			isa = PBXNativeTarget;
			buildConfigurationList = 70C65513287E921C00EAF09E /* Build configuration list for PBXNativeTarget "Fake StoreTests" */;
			buildPhases = (
				70C654F8287E921C00EAF09E /* Sources */,
				70C654F9287E921C00EAF09E /* Frameworks */,
				70C654FA287E921C00EAF09E /* Resources */,
			);
			buildRules = (
			);
			dependencies = (
				70C654FE287E921C00EAF09E /* PBXTargetDependency */,
			);
			name = "Fake StoreTests";
			productName = "Fake StoreTests";
			productReference = 70C654FC287E921C00EAF09E /* Fake StoreTests.xctest */;
			productType = "com.apple.product-type.bundle.unit-test";
		};
		70C65505287E921C00EAF09E /* Fake StoreUITests */ = {
			isa = PBXNativeTarget;
			buildConfigurationList = 70C65516287E921C00EAF09E /* Build configuration list for PBXNativeTarget "Fake StoreUITests" */;
			buildPhases = (
				70C65502287E921C00EAF09E /* Sources */,
				70C65503287E921C00EAF09E /* Frameworks */,
				70C65504287E921C00EAF09E /* Resources */,
			);
			buildRules = (
			);
			dependencies = (
				70C65508287E921C00EAF09E /* PBXTargetDependency */,
			);
			name = "Fake StoreUITests";
			productName = "Fake StoreUITests";
			productReference = 70C65506287E921C00EAF09E /* Fake StoreUITests.xctest */;
			productType = "com.apple.product-type.bundle.ui-testing";
		};
/* End PBXNativeTarget section */

/* Begin PBXProject section */
		70C654DE287E921900EAF09E /* Project object */ = {
			isa = PBXProject;
			attributes = {
				BuildIndependentTargetsInParallel = 1;
				LastSwiftUpdateCheck = 1340;
				LastUpgradeCheck = 1340;
				TargetAttributes = {
					70C654E5287E921900EAF09E = {
						CreatedOnToolsVersion = 13.4.1;
					};
					70C654FB287E921C00EAF09E = {
						CreatedOnToolsVersion = 13.4.1;
						TestTargetID = 70C654E5287E921900EAF09E;
					};
					70C65505287E921C00EAF09E = {
						CreatedOnToolsVersion = 13.4.1;
						TestTargetID = 70C654E5287E921900EAF09E;
					};
				};
			};
			buildConfigurationList = 70C654E1287E921900EAF09E /* Build configuration list for PBXProject "Fake Store" */;
			compatibilityVersion = "Xcode 13.0";
			developmentRegion = en;
			hasScannedForEncodings = 0;
			knownRegions = (
				en,
				Base,
			);
			mainGroup = 70C654DD287E921900EAF09E;
			packageReferences = (
				7028A4F028801049009BFF42 /* XCRemoteSwiftPackageReference "SwiftyJSON" */,
			);
			productRefGroup = 70C654E7287E921900EAF09E /* Products */;
			projectDirPath = "";
			projectRoot = "";
			targets = (
				70C654E5287E921900EAF09E /* Fake Store */,
				70C654FB287E921C00EAF09E /* Fake StoreTests */,
				70C65505287E921C00EAF09E /* Fake StoreUITests */,
			);
		};
/* End PBXProject section */

/* Begin PBXResourcesBuildPhase section */
		70C654E4287E921900EAF09E /* Resources */ = {
			isa = PBXResourcesBuildPhase;
			buildActionMask = 2147483647;
			files = (
				70C654F6287E921C00EAF09E /* LaunchScreen.storyboard in Resources */,
				70C654F3287E921C00EAF09E /* Assets.xcassets in Resources */,
				70C654F1287E921900EAF09E /* Main.storyboard in Resources */,
			);
			runOnlyForDeploymentPostprocessing = 0;
		};
		70C654FA287E921C00EAF09E /* Resources */ = {
			isa = PBXResourcesBuildPhase;
			buildActionMask = 2147483647;
			files = (
			);
			runOnlyForDeploymentPostprocessing = 0;
		};
		70C65504287E921C00EAF09E /* Resources */ = {
			isa = PBXResourcesBuildPhase;
			buildActionMask = 2147483647;
			files = (
			);
			runOnlyForDeploymentPostprocessing = 0;
		};
/* End PBXResourcesBuildPhase section */

/* Begin PBXSourcesBuildPhase section */
		70C654E2287E921900EAF09E /* Sources */ = {
			isa = PBXSourcesBuildPhase;
			buildActionMask = 2147483647;
			files = (
				70C65526287EAF9C00EAF09E /* Extension.swift in Sources */,
				70C65520287E92F100EAF09E /* StoreEntity.swift in Sources */,
				70C6551C287E92E000EAF09E /* StorePresenter.swift in Sources */,
				70C65524287E9C0300EAF09E /* ProductCollectionViewCell.swift in Sources */,
				70C654EE287E921900EAF09E /* StoreView.swift in Sources */,
				70C654EA287E921900EAF09E /* AppDelegate.swift in Sources */,
				70C6551E287E92E600EAF09E /* StoreInteractor.swift in Sources */,
				70C654EC287E921900EAF09E /* SceneDelegate.swift in Sources */,
				70C65522287E92F600EAF09E /* StoreRouter.swift in Sources */,
			);
			runOnlyForDeploymentPostprocessing = 0;
		};
		70C654F8287E921C00EAF09E /* Sources */ = {
			isa = PBXSourcesBuildPhase;
			buildActionMask = 2147483647;
			files = (
				70C65501287E921C00EAF09E /* Fake_StoreTests.swift in Sources */,
			);
			runOnlyForDeploymentPostprocessing = 0;
		};
		70C65502287E921C00EAF09E /* Sources */ = {
			isa = PBXSourcesBuildPhase;
			buildActionMask = 2147483647;
			files = (
				70C6550B287E921C00EAF09E /* Fake_StoreUITests.swift in Sources */,
				70C6550D287E921C00EAF09E /* Fake_StoreUITestsLaunchTests.swift in Sources */,
			);
			runOnlyForDeploymentPostprocessing = 0;
		};
/* End PBXSourcesBuildPhase section */

/* Begin PBXTargetDependency section */
		70C654FE287E921C00EAF09E /* PBXTargetDependency */ = {
			isa = PBXTargetDependency;
			target = 70C654E5287E921900EAF09E /* Fake Store */;
			targetProxy = 70C654FD287E921C00EAF09E /* PBXContainerItemProxy */;
		};
		70C65508287E921C00EAF09E /* PBXTargetDependency */ = {
			isa = PBXTargetDependency;
			target = 70C654E5287E921900EAF09E /* Fake Store */;
			targetProxy = 70C65507287E921C00EAF09E /* PBXContainerItemProxy */;
		};
/* End PBXTargetDependency section */

/* Begin PBXVariantGroup section */
		70C654EF287E921900EAF09E /* Main.storyboard */ = {
			isa = PBXVariantGroup;
			children = (
				70C654F0287E921900EAF09E /* Base */,
			);
			name = Main.storyboard;
			sourceTree = "<group>";
		};
		70C654F4287E921C00EAF09E /* LaunchScreen.storyboard */ = {
			isa = PBXVariantGroup;
			children = (
				70C654F5287E921C00EAF09E /* Base */,
			);
			name = LaunchScreen.storyboard;
			sourceTree = "<group>";
		};
/* End PBXVariantGroup section */

/* Begin XCBuildConfiguration section */
		70C6550E287E921C00EAF09E /* Debug */ = {
			isa = XCBuildConfiguration;
			buildSettings = {
				ALWAYS_SEARCH_USER_PATHS = NO;
				CLANG_ANALYZER_NONNULL = YES;
				CLANG_ANALYZER_NUMBER_OBJECT_CONVERSION = YES_AGGRESSIVE;
				CLANG_CXX_LANGUAGE_STANDARD = "gnu++17";
				CLANG_ENABLE_MODULES = YES;
				CLANG_ENABLE_OBJC_ARC = YES;
				CLANG_ENABLE_OBJC_WEAK = YES;
				CLANG_WARN_BLOCK_CAPTURE_AUTORELEASING = YES;
				CLANG_WARN_BOOL_CONVERSION = YES;
				CLANG_WARN_COMMA = YES;
				CLANG_WARN_CONSTANT_CONVERSION = YES;
				CLANG_WARN_DEPRECATED_OBJC_IMPLEMENTATIONS = YES;
				CLANG_WARN_DIRECT_OBJC_ISA_USAGE = YES_ERROR;
				CLANG_WARN_DOCUMENTATION_COMMENTS = YES;
				CLANG_WARN_EMPTY_BODY = YES;
				CLANG_WARN_ENUM_CONVERSION = YES;
				CLANG_WARN_INFINITE_RECURSION = YES;
				CLANG_WARN_INT_CONVERSION = YES;
				CLANG_WARN_NON_LITERAL_NULL_CONVERSION = YES;
				CLANG_WARN_OBJC_IMPLICIT_RETAIN_SELF = YES;
				CLANG_WARN_OBJC_LITERAL_CONVERSION = YES;
				CLANG_WARN_OBJC_ROOT_CLASS = YES_ERROR;
				CLANG_WARN_QUOTED_INCLUDE_IN_FRAMEWORK_HEADER = YES;
				CLANG_WARN_RANGE_LOOP_ANALYSIS = YES;
				CLANG_WARN_STRICT_PROTOTYPES = YES;
				CLANG_WARN_SUSPICIOUS_MOVE = YES;
				CLANG_WARN_UNGUARDED_AVAILABILITY = YES_AGGRESSIVE;
				CLANG_WARN_UNREACHABLE_CODE = YES;
				CLANG_WARN__DUPLICATE_METHOD_MATCH = YES;
				COPY_PHASE_STRIP = NO;
				DEBUG_INFORMATION_FORMAT = dwarf;
				ENABLE_STRICT_OBJC_MSGSEND = YES;
				ENABLE_TESTABILITY = YES;
				GCC_C_LANGUAGE_STANDARD = gnu11;
				GCC_DYNAMIC_NO_PIC = NO;
				GCC_NO_COMMON_BLOCKS = YES;
				GCC_OPTIMIZATION_LEVEL = 0;
				GCC_PREPROCESSOR_DEFINITIONS = (
					"DEBUG=1",
					"$(inherited)",
				);
				GCC_WARN_64_TO_32_BIT_CONVERSION = YES;
				GCC_WARN_ABOUT_RETURN_TYPE = YES_ERROR;
				GCC_WARN_UNDECLARED_SELECTOR = YES;
				GCC_WARN_UNINITIALIZED_AUTOS = YES_AGGRESSIVE;
				GCC_WARN_UNUSED_FUNCTION = YES;
				GCC_WARN_UNUSED_VARIABLE = YES;
				IPHONEOS_DEPLOYMENT_TARGET = 13.0;
				MTL_ENABLE_DEBUG_INFO = INCLUDE_SOURCE;
				MTL_FAST_MATH = YES;
				ONLY_ACTIVE_ARCH = YES;
				SDKROOT = iphoneos;
				SWIFT_ACTIVE_COMPILATION_CONDITIONS = DEBUG;
				SWIFT_OPTIMIZATION_LEVEL = "-Onone";
			};
			name = Debug;
		};
		70C6550F287E921C00EAF09E /* Release */ = {
			isa = XCBuildConfiguration;
			buildSettings = {
				ALWAYS_SEARCH_USER_PATHS = NO;
				CLANG_ANALYZER_NONNULL = YES;
				CLANG_ANALYZER_NUMBER_OBJECT_CONVERSION = YES_AGGRESSIVE;
				CLANG_CXX_LANGUAGE_STANDARD = "gnu++17";
				CLANG_ENABLE_MODULES = YES;
				CLANG_ENABLE_OBJC_ARC = YES;
				CLANG_ENABLE_OBJC_WEAK = YES;
				CLANG_WARN_BLOCK_CAPTURE_AUTORELEASING = YES;
				CLANG_WARN_BOOL_CONVERSION = YES;
				CLANG_WARN_COMMA = YES;
				CLANG_WARN_CONSTANT_CONVERSION = YES;
				CLANG_WARN_DEPRECATED_OBJC_IMPLEMENTATIONS = YES;
				CLANG_WARN_DIRECT_OBJC_ISA_USAGE = YES_ERROR;
				CLANG_WARN_DOCUMENTATION_COMMENTS = YES;
				CLANG_WARN_EMPTY_BODY = YES;
				CLANG_WARN_ENUM_CONVERSION = YES;
				CLANG_WARN_INFINITE_RECURSION = YES;
				CLANG_WARN_INT_CONVERSION = YES;
				CLANG_WARN_NON_LITERAL_NULL_CONVERSION = YES;
				CLANG_WARN_OBJC_IMPLICIT_RETAIN_SELF = YES;
				CLANG_WARN_OBJC_LITERAL_CONVERSION = YES;
				CLANG_WARN_OBJC_ROOT_CLASS = YES_ERROR;
				CLANG_WARN_QUOTED_INCLUDE_IN_FRAMEWORK_HEADER = YES;
				CLANG_WARN_RANGE_LOOP_ANALYSIS = YES;
				CLANG_WARN_STRICT_PROTOTYPES = YES;
				CLANG_WARN_SUSPICIOUS_MOVE = YES;
				CLANG_WARN_UNGUARDED_AVAILABILITY = YES_AGGRESSIVE;
				CLANG_WARN_UNREACHABLE_CODE = YES;
				CLANG_WARN__DUPLICATE_METHOD_MATCH = YES;
				COPY_PHASE_STRIP = NO;
				DEBUG_INFORMATION_FORMAT = "dwarf-with-dsym";
				ENABLE_NS_ASSERTIONS = NO;
				ENABLE_STRICT_OBJC_MSGSEND = YES;
				GCC_C_LANGUAGE_STANDARD = gnu11;
				GCC_NO_COMMON_BLOCKS = YES;
				GCC_WARN_64_TO_32_BIT_CONVERSION = YES;
				GCC_WARN_ABOUT_RETURN_TYPE = YES_ERROR;
				GCC_WARN_UNDECLARED_SELECTOR = YES;
				GCC_WARN_UNINITIALIZED_AUTOS = YES_AGGRESSIVE;
				GCC_WARN_UNUSED_FUNCTION = YES;
				GCC_WARN_UNUSED_VARIABLE = YES;
				IPHONEOS_DEPLOYMENT_TARGET = 13.0;
				MTL_ENABLE_DEBUG_INFO = NO;
				MTL_FAST_MATH = YES;
				SDKROOT = iphoneos;
				SWIFT_COMPILATION_MODE = wholemodule;
				SWIFT_OPTIMIZATION_LEVEL = "-O";
				VALIDATE_PRODUCT = YES;
			};
			name = Release;
		};
		70C65511287E921C00EAF09E /* Debug */ = {
			isa = XCBuildConfiguration;
			buildSettings = {
				ASSETCATALOG_COMPILER_APPICON_NAME = AppIcon;
				ASSETCATALOG_COMPILER_GLOBAL_ACCENT_COLOR_NAME = AccentColor;
				CODE_SIGN_STYLE = Automatic;
				CURRENT_PROJECT_VERSION = 1;
				DEVELOPMENT_TEAM = C625QPFG8X;
				GENERATE_INFOPLIST_FILE = YES;
				INFOPLIST_FILE = "Fake Store/Info.plist";
				INFOPLIST_KEY_UIApplicationSupportsIndirectInputEvents = YES;
				INFOPLIST_KEY_UILaunchStoryboardName = LaunchScreen;
				INFOPLIST_KEY_UIMainStoryboardFile = Main;
				INFOPLIST_KEY_UISupportedInterfaceOrientations = "";
				INFOPLIST_KEY_UISupportedInterfaceOrientations_iPad = "UIInterfaceOrientationPortrait UIInterfaceOrientationPortraitUpsideDown UIInterfaceOrientationLandscapeLeft UIInterfaceOrientationLandscapeRight";
				INFOPLIST_KEY_UISupportedInterfaceOrientations_iPhone = "UIInterfaceOrientationPortrait UIInterfaceOrientationLandscapeLeft UIInterfaceOrientationLandscapeRight";
				LD_RUNPATH_SEARCH_PATHS = (
					"$(inherited)",
					"@executable_path/Frameworks",
				);
				MARKETING_VERSION = 1.0;
				PRODUCT_BUNDLE_IDENTIFIER = "com.arrinal.Fake-Store";
				PRODUCT_NAME = "$(TARGET_NAME)";
				SWIFT_EMIT_LOC_STRINGS = YES;
				SWIFT_VERSION = 5.0;
				TARGETED_DEVICE_FAMILY = 1;
			};
			name = Debug;
		};
		70C65512287E921C00EAF09E /* Release */ = {
			isa = XCBuildConfiguration;
			buildSettings = {
				ASSETCATALOG_COMPILER_APPICON_NAME = AppIcon;
				ASSETCATALOG_COMPILER_GLOBAL_ACCENT_COLOR_NAME = AccentColor;
				CODE_SIGN_STYLE = Automatic;
				CURRENT_PROJECT_VERSION = 1;
				DEVELOPMENT_TEAM = C625QPFG8X;
				GENERATE_INFOPLIST_FILE = YES;
				INFOPLIST_FILE = "Fake Store/Info.plist";
				INFOPLIST_KEY_UIApplicationSupportsIndirectInputEvents = YES;
				INFOPLIST_KEY_UILaunchStoryboardName = LaunchScreen;
				INFOPLIST_KEY_UIMainStoryboardFile = Main;
				INFOPLIST_KEY_UISupportedInterfaceOrientations = "";
				INFOPLIST_KEY_UISupportedInterfaceOrientations_iPad = "UIInterfaceOrientationPortrait UIInterfaceOrientationPortraitUpsideDown UIInterfaceOrientationLandscapeLeft UIInterfaceOrientationLandscapeRight";
				INFOPLIST_KEY_UISupportedInterfaceOrientations_iPhone = "UIInterfaceOrientationPortrait UIInterfaceOrientationLandscapeLeft UIInterfaceOrientationLandscapeRight";
				LD_RUNPATH_SEARCH_PATHS = (
					"$(inherited)",
					"@executable_path/Frameworks",
				);
				MARKETING_VERSION = 1.0;
				PRODUCT_BUNDLE_IDENTIFIER = "com.arrinal.Fake-Store";
				PRODUCT_NAME = "$(TARGET_NAME)";
				SWIFT_EMIT_LOC_STRINGS = YES;
				SWIFT_VERSION = 5.0;
				TARGETED_DEVICE_FAMILY = 1;
			};
			name = Release;
		};
		70C65514287E921C00EAF09E /* Debug */ = {
			isa = XCBuildConfiguration;
			buildSettings = {
				ALWAYS_EMBED_SWIFT_STANDARD_LIBRARIES = YES;
				BUNDLE_LOADER = "$(TEST_HOST)";
				CODE_SIGN_STYLE = Automatic;
				CURRENT_PROJECT_VERSION = 1;
				DEVELOPMENT_TEAM = C625QPFG8X;
				GENERATE_INFOPLIST_FILE = YES;
				IPHONEOS_DEPLOYMENT_TARGET = 15.5;
				MARKETING_VERSION = 1.0;
				PRODUCT_BUNDLE_IDENTIFIER = "com.arrinal.Fake-StoreTests";
				PRODUCT_NAME = "$(TARGET_NAME)";
				SWIFT_EMIT_LOC_STRINGS = NO;
				SWIFT_VERSION = 5.0;
				TARGETED_DEVICE_FAMILY = "1,2";
				TEST_HOST = "$(BUILT_PRODUCTS_DIR)/Fake Store.app/Fake Store";
			};
			name = Debug;
		};
		70C65515287E921C00EAF09E /* Release */ = {
			isa = XCBuildConfiguration;
			buildSettings = {
				ALWAYS_EMBED_SWIFT_STANDARD_LIBRARIES = YES;
				BUNDLE_LOADER = "$(TEST_HOST)";
				CODE_SIGN_STYLE = Automatic;
				CURRENT_PROJECT_VERSION = 1;
				DEVELOPMENT_TEAM = C625QPFG8X;
				GENERATE_INFOPLIST_FILE = YES;
				IPHONEOS_DEPLOYMENT_TARGET = 15.5;
				MARKETING_VERSION = 1.0;
				PRODUCT_BUNDLE_IDENTIFIER = "com.arrinal.Fake-StoreTests";
				PRODUCT_NAME = "$(TARGET_NAME)";
				SWIFT_EMIT_LOC_STRINGS = NO;
				SWIFT_VERSION = 5.0;
				TARGETED_DEVICE_FAMILY = "1,2";
				TEST_HOST = "$(BUILT_PRODUCTS_DIR)/Fake Store.app/Fake Store";
			};
			name = Release;
		};
		70C65517287E921C00EAF09E /* Debug */ = {
			isa = XCBuildConfiguration;
			buildSettings = {
				ALWAYS_EMBED_SWIFT_STANDARD_LIBRARIES = YES;
				CODE_SIGN_STYLE = Automatic;
				CURRENT_PROJECT_VERSION = 1;
				DEVELOPMENT_TEAM = C625QPFG8X;
				GENERATE_INFOPLIST_FILE = YES;
				MARKETING_VERSION = 1.0;
				PRODUCT_BUNDLE_IDENTIFIER = "com.arrinal.Fake-StoreUITests";
				PRODUCT_NAME = "$(TARGET_NAME)";
				SWIFT_EMIT_LOC_STRINGS = NO;
				SWIFT_VERSION = 5.0;
				TARGETED_DEVICE_FAMILY = "1,2";
				TEST_TARGET_NAME = "Fake Store";
			};
			name = Debug;
		};
		70C65518287E921C00EAF09E /* Release */ = {
			isa = XCBuildConfiguration;
			buildSettings = {
				ALWAYS_EMBED_SWIFT_STANDARD_LIBRARIES = YES;
				CODE_SIGN_STYLE = Automatic;
				CURRENT_PROJECT_VERSION = 1;
				DEVELOPMENT_TEAM = C625QPFG8X;
				GENERATE_INFOPLIST_FILE = YES;
				MARKETING_VERSION = 1.0;
				PRODUCT_BUNDLE_IDENTIFIER = "com.arrinal.Fake-StoreUITests";
				PRODUCT_NAME = "$(TARGET_NAME)";
				SWIFT_EMIT_LOC_STRINGS = NO;
				SWIFT_VERSION = 5.0;
				TARGETED_DEVICE_FAMILY = "1,2";
				TEST_TARGET_NAME = "Fake Store";
			};
			name = Release;
		};
/* End XCBuildConfiguration section */

/* Begin XCConfigurationList section */
		70C654E1287E921900EAF09E /* Build configuration list for PBXProject "Fake Store" */ = {
			isa = XCConfigurationList;
			buildConfigurations = (
				70C6550E287E921C00EAF09E /* Debug */,
				70C6550F287E921C00EAF09E /* Release */,
			);
			defaultConfigurationIsVisible = 0;
			defaultConfigurationName = Release;
		};
		70C65510287E921C00EAF09E /* Build configuration list for PBXNativeTarget "Fake Store" */ = {
			isa = XCConfigurationList;
			buildConfigurations = (
				70C65511287E921C00EAF09E /* Debug */,
				70C65512287E921C00EAF09E /* Release */,
			);
			defaultConfigurationIsVisible = 0;
			defaultConfigurationName = Release;
		};
		70C65513287E921C00EAF09E /* Build configuration list for PBXNativeTarget "Fake StoreTests" */ = {
			isa = XCConfigurationList;
			buildConfigurations = (
				70C65514287E921C00EAF09E /* Debug */,
				70C65515287E921C00EAF09E /* Release */,
			);
			defaultConfigurationIsVisible = 0;
			defaultConfigurationName = Release;
		};
		70C65516287E921C00EAF09E /* Build configuration list for PBXNativeTarget "Fake StoreUITests" */ = {
			isa = XCConfigurationList;
			buildConfigurations = (
				70C65517287E921C00EAF09E /* Debug */,
				70C65518287E921C00EAF09E /* Release */,
			);
			defaultConfigurationIsVisible = 0;
			defaultConfigurationName = Release;
		};
/* End XCConfigurationList section */

/* Begin XCRemoteSwiftPackageReference section */
		7028A4F028801049009BFF42 /* XCRemoteSwiftPackageReference "SwiftyJSON" */ = {
			isa = XCRemoteSwiftPackageReference;
			repositoryURL = "https://github.com/SwiftyJSON/SwiftyJSON.git";
			requirement = {
				kind = upToNextMajorVersion;
				minimumVersion = 5.0.0;
			};
		};
/* End XCRemoteSwiftPackageReference section */

/* Begin XCSwiftPackageProductDependency section */
		7028A4F128801049009BFF42 /* SwiftyJSON */ = {
			isa = XCSwiftPackageProductDependency;
			package = 7028A4F028801049009BFF42 /* XCRemoteSwiftPackageReference "SwiftyJSON" */;
			productName = SwiftyJSON;
		};
/* End XCSwiftPackageProductDependency section */
	};
	rootObject = 70C654DE287E921900EAF09E /* Project object */;
}
